
Microsoft Visual Studio Solution File, Format Version 12.00
# Visual Studio Version 16
VisualStudioVersion = 16.0.29418.71
MinimumVisualStudioVersion = 10.0.40219.1
Project("{FAE04EC0-301F-11D3-BF4B-00C04F79EFBC}") = "Profilrechner", "Profilrechner\Profilrechner.csproj", "{043D1DAB-8275-475D-AED2-CD605BFABD19}"
EndProject
Global
	GlobalSection(SolutionConfigurationPlatforms) = preSolution
		Debug|Any CPU = Debug|Any CPU
		Release|Any CPU = Release|Any CPU
	EndGlobalSection
	GlobalSection(ProjectConfigurationPlatforms) = postSolution
		{043D1DAB-8275-475D-AED2-CD605BFABD19}.Debug|Any CPU.ActiveCfg = Debug|Any CPU
		{043D1DAB-8275-475D-AED2-CD605BFABD19}.Debug|Any CPU.Build.0 = Debug|Any CPU
		{043D1DAB-8275-475D-AED2-CD605BFABD19}.Release|Any CPU.ActiveCfg = Release|Any CPU
		{043D1DAB-8275-475D-AED2-CD605BFABD19}.Release|Any CPU.Build.0 = Release|Any CPU
	EndGlobalSection
	GlobalSection(SolutionProperties) = preSolution
		HideSolutionNode = FALSE
	EndGlobalSection
	GlobalSection(ExtensibilityGlobals) = postSolution
		SolutionGuid = {E99AB562-4437-46DD-B260-E7B8E1CEF69D}
	EndGlobalSection
EndGlobal
